
Microsoft Visual Studio Solution File, Format Version 12.00
# Visual Studio Version 18
VisualStudioVersion = 18.0.11121.172
MinimumVisualStudioVersion = 10.0.40219.1
Project("{FAE04EC0-301F-11D3-BF4B-00C04F79EFBC}") = "Core", "Core\Core.csproj", "{D3FE2B55-3A5F-4C2E-90F6-E3B733ECFA90}"
EndProject
Project("{FAE04EC0-301F-11D3-BF4B-00C04F79EFBC}") = "ApplicationLayer", "ApplicationLayer\ApplicationLayer.csproj", "{D50E7D75-8750-4CA2-89A8-745DD5221199}"
EndProject
Project("{FAE04EC0-301F-11D3-BF4B-00C04F79EFBC}") = "Infrastructure", "Infrastructure\Infrastructure.csproj", "{392599BF-DC98-4AA0-99EB-BFAB39EB345D}"
EndProject
Project("{2150E333-8FDC-42A3-9474-1A3956D46DE8}") = "Itens de Solução", "Itens de Solução", "{380A7511-A354-6D7A-0CC0-8FA1F1BA7B6C}"
	ProjectSection(SolutionItems) = preProject
		GlobalUsings.cs = GlobalUsings.cs
	EndProjectSection
EndProject
Project("{FAE04EC0-301F-11D3-BF4B-00C04F79EFBC}") = "AvaloniaUI", "Avalonia\AvaloniaUI.csproj", "{784E48E2-4246-356E-3C8F-BFE33509130B}"
EndProject
Global
	GlobalSection(SolutionConfigurationPlatforms) = preSolution
		Debug|Any CPU = Debug|Any CPU
		Debug|x64 = Debug|x64
		Debug|x86 = Debug|x86
		Release|Any CPU = Release|Any CPU
		Release|x64 = Release|x64
		Release|x86 = Release|x86
	EndGlobalSection
	GlobalSection(ProjectConfigurationPlatforms) = postSolution
		{D3FE2B55-3A5F-4C2E-90F6-E3B733ECFA90}.Debug|Any CPU.ActiveCfg = Debug|Any CPU
		{D3FE2B55-3A5F-4C2E-90F6-E3B733ECFA90}.Debug|Any CPU.Build.0 = Debug|Any CPU
		{D3FE2B55-3A5F-4C2E-90F6-E3B733ECFA90}.Debug|x64.ActiveCfg = Debug|Any CPU
		{D3FE2B55-3A5F-4C2E-90F6-E3B733ECFA90}.Debug|x64.Build.0 = Debug|Any CPU
		{D3FE2B55-3A5F-4C2E-90F6-E3B733ECFA90}.Debug|x86.ActiveCfg = Debug|Any CPU
		{D3FE2B55-3A5F-4C2E-90F6-E3B733ECFA90}.Debug|x86.Build.0 = Debug|Any CPU
		{D3FE2B55-3A5F-4C2E-90F6-E3B733ECFA90}.Release|Any CPU.ActiveCfg = Release|Any CPU
		{D3FE2B55-3A5F-4C2E-90F6-E3B733ECFA90}.Release|Any CPU.Build.0 = Release|Any CPU
		{D3FE2B55-3A5F-4C2E-90F6-E3B733ECFA90}.Release|x64.ActiveCfg = Release|Any CPU
		{D3FE2B55-3A5F-4C2E-90F6-E3B733ECFA90}.Release|x64.Build.0 = Release|Any CPU
		{D3FE2B55-3A5F-4C2E-90F6-E3B733ECFA90}.Release|x86.ActiveCfg = Release|Any CPU
		{D3FE2B55-3A5F-4C2E-90F6-E3B733ECFA90}.Release|x86.Build.0 = Release|Any CPU
		{D50E7D75-8750-4CA2-89A8-745DD5221199}.Debug|Any CPU.ActiveCfg = Debug|Any CPU
		{D50E7D75-8750-4CA2-89A8-745DD5221199}.Debug|Any CPU.Build.0 = Debug|Any CPU
		{D50E7D75-8750-4CA2-89A8-745DD5221199}.Debug|x64.ActiveCfg = Debug|Any CPU
		{D50E7D75-8750-4CA2-89A8-745DD5221199}.Debug|x64.Build.0 = Debug|Any CPU
		{D50E7D75-8750-4CA2-89A8-745DD5221199}.Debug|x86.ActiveCfg = Debug|Any CPU
		{D50E7D75-8750-4CA2-89A8-745DD5221199}.Debug|x86.Build.0 = Debug|Any CPU
		{D50E7D75-8750-4CA2-89A8-745DD5221199}.Release|Any CPU.ActiveCfg = Release|Any CPU
		{D50E7D75-8750-4CA2-89A8-745DD5221199}.Release|Any CPU.Build.0 = Release|Any CPU
		{D50E7D75-8750-4CA2-89A8-745DD5221199}.Release|x64.ActiveCfg = Release|Any CPU
		{D50E7D75-8750-4CA2-89A8-745DD5221199}.Release|x64.Build.0 = Release|Any CPU
		{D50E7D75-8750-4CA2-89A8-745DD5221199}.Release|x86.ActiveCfg = Release|Any CPU
		{D50E7D75-8750-4CA2-89A8-745DD5221199}.Release|x86.Build.0 = Release|Any CPU
		{392599BF-DC98-4AA0-99EB-BFAB39EB345D}.Debug|Any CPU.ActiveCfg = Debug|Any CPU
		{392599BF-DC98-4AA0-99EB-BFAB39EB345D}.Debug|Any CPU.Build.0 = Debug|Any CPU
		{392599BF-DC98-4AA0-99EB-BFAB39EB345D}.Debug|x64.ActiveCfg = Debug|Any CPU
		{392599BF-DC98-4AA0-99EB-BFAB39EB345D}.Debug|x64.Build.0 = Debug|Any CPU
		{392599BF-DC98-4AA0-99EB-BFAB39EB345D}.Debug|x86.ActiveCfg = Debug|Any CPU
		{392599BF-DC98-4AA0-99EB-BFAB39EB345D}.Debug|x86.Build.0 = Debug|Any CPU
		{392599BF-DC98-4AA0-99EB-BFAB39EB345D}.Release|Any CPU.ActiveCfg = Release|Any CPU
		{392599BF-DC98-4AA0-99EB-BFAB39EB345D}.Release|Any CPU.Build.0 = Release|Any CPU
		{392599BF-DC98-4AA0-99EB-BFAB39EB345D}.Release|x64.ActiveCfg = Release|Any CPU
		{392599BF-DC98-4AA0-99EB-BFAB39EB345D}.Release|x64.Build.0 = Release|Any CPU
		{392599BF-DC98-4AA0-99EB-BFAB39EB345D}.Release|x86.ActiveCfg = Release|Any CPU
		{392599BF-DC98-4AA0-99EB-BFAB39EB345D}.Release|x86.Build.0 = Release|Any CPU
		{784E48E2-4246-356E-3C8F-BFE33509130B}.Debug|Any CPU.ActiveCfg = Debug|Any CPU
		{784E48E2-4246-356E-3C8F-BFE33509130B}.Debug|Any CPU.Build.0 = Debug|Any CPU
		{784E48E2-4246-356E-3C8F-BFE33509130B}.Debug|x64.ActiveCfg = Debug|Any CPU
		{784E48E2-4246-356E-3C8F-BFE33509130B}.Debug|x64.Build.0 = Debug|Any CPU
		{784E48E2-4246-356E-3C8F-BFE33509130B}.Debug|x86.ActiveCfg = Debug|Any CPU
		{784E48E2-4246-356E-3C8F-BFE33509130B}.Debug|x86.Build.0 = Debug|Any CPU
		{784E48E2-4246-356E-3C8F-BFE33509130B}.Release|Any CPU.ActiveCfg = Release|Any CPU
		{784E48E2-4246-356E-3C8F-BFE33509130B}.Release|Any CPU.Build.0 = Release|Any CPU
		{784E48E2-4246-356E-3C8F-BFE33509130B}.Release|x64.ActiveCfg = Release|Any CPU
		{784E48E2-4246-356E-3C8F-BFE33509130B}.Release|x64.Build.0 = Release|Any CPU
		{784E48E2-4246-356E-3C8F-BFE33509130B}.Release|x86.ActiveCfg = Release|Any CPU
		{784E48E2-4246-356E-3C8F-BFE33509130B}.Release|x86.Build.0 = Release|Any CPU
	EndGlobalSection
	GlobalSection(SolutionProperties) = preSolution
		HideSolutionNode = FALSE
	EndGlobalSection
	GlobalSection(ExtensibilityGlobals) = postSolution
		SolutionGuid = {EFC5329C-F6D4-4A9D-958B-710B553E94DA}
	EndGlobalSection
EndGlobal
